// !$*UTF8*$!
{
	archiveVersion = 1;
	classes = {
	};
	objectVersion = 50;
	objects = {

/* Begin PBXBuildFile section */
		5AF080E620871EBB0024BCD2 /* AppDelegate.swift in Sources */ = {isa = PBXBuildFile; fileRef = 5AF080E520871EBB0024BCD2 /* AppDelegate.swift */; };
		5AF080E820871EBB0024BCD2 /* ViewController.swift in Sources */ = {isa = PBXBuildFile; fileRef = 5AF080E720871EBB0024BCD2 /* ViewController.swift */; };
		5AF080EB20871EBB0024BCD2 /* Main.storyboard in Resources */ = {isa = PBXBuildFile; fileRef = 5AF080E920871EBB0024BCD2 /* Main.storyboard */; };
		5AF080ED20871EBC0024BCD2 /* Assets.xcassets in Resources */ = {isa = PBXBuildFile; fileRef = 5AF080EC20871EBC0024BCD2 /* Assets.xcassets */; };
		5AF080FD208734370024BCD2 /* RoundedButton.swift in Sources */ = {isa = PBXBuildFile; fileRef = 5AF080FC208734370024BCD2 /* RoundedButton.swift */; };
		5AF080FF2087374B0024BCD2 /* HomeViewModel.swift in Sources */ = {isa = PBXBuildFile; fileRef = 5AF080FE2087374B0024BCD2 /* HomeViewModel.swift */; };
		5AF08101208737A30024BCD2 /* InstructionCollectionViewCell.swift in Sources */ = {isa = PBXBuildFile; fileRef = 5AF08100208737A30024BCD2 /* InstructionCollectionViewCell.swift */; };
		5AF08103208738F60024BCD2 /* InstructionCollectionViewCell.xib in Resources */ = {isa = PBXBuildFile; fileRef = 5AF08102208738F60024BCD2 /* InstructionCollectionViewCell.xib */; };
		5AF0810720873A370024BCD2 /* RxCocoa.framework in Frameworks */ = {isa = PBXBuildFile; fileRef = 5AF0810620873A370024BCD2 /* RxCocoa.framework */; };
		5AF0810920873A390024BCD2 /* RxSwift.framework in Frameworks */ = {isa = PBXBuildFile; fileRef = 5AF0810820873A390024BCD2 /* RxSwift.framework */; };
		5AF0810B20873A3C0024BCD2 /* Spring.framework in Frameworks */ = {isa = PBXBuildFile; fileRef = 5AF0810A20873A3C0024BCD2 /* Spring.framework */; };
		5AF0810D20873A470024BCD2 /* RxGesture.framework in Frameworks */ = {isa = PBXBuildFile; fileRef = 5AF0810C20873A470024BCD2 /* RxGesture.framework */; };
		A5106CF72087665D006D6E21 /* Instruction.swift in Sources */ = {isa = PBXBuildFile; fileRef = A5106CF62087665D006D6E21 /* Instruction.swift */; };
		A5106CF92087AA33006D6E21 /* SimulatorError.swift in Sources */ = {isa = PBXBuildFile; fileRef = A5106CF82087AA33006D6E21 /* SimulatorError.swift */; };
/* End PBXBuildFile section */

/* Begin PBXFileReference section */
		5AF080E220871EBB0024BCD2 /* MyTenTenEducation.app */ = {isa = PBXFileReference; explicitFileType = wrapper.application; includeInIndex = 0; path = MyTenTenEducation.app; sourceTree = BUILT_PRODUCTS_DIR; };
		5AF080E520871EBB0024BCD2 /* AppDelegate.swift */ = {isa = PBXFileReference; lastKnownFileType = sourcecode.swift; path = AppDelegate.swift; sourceTree = "<group>"; };
		5AF080E720871EBB0024BCD2 /* ViewController.swift */ = {isa = PBXFileReference; lastKnownFileType = sourcecode.swift; path = ViewController.swift; sourceTree = "<group>"; };
		5AF080EA20871EBB0024BCD2 /* Base */ = {isa = PBXFileReference; lastKnownFileType = file.storyboard; name = Base; path = Base.lproj/Main.storyboard; sourceTree = "<group>"; };
		5AF080EC20871EBC0024BCD2 /* Assets.xcassets */ = {isa = PBXFileReference; lastKnownFileType = folder.assetcatalog; path = Assets.xcassets; sourceTree = "<group>"; };
		5AF080F120871EBC0024BCD2 /* Info.plist */ = {isa = PBXFileReference; lastKnownFileType = text.plist.xml; path = Info.plist; sourceTree = "<group>"; };
		5AF080FC208734370024BCD2 /* RoundedButton.swift */ = {isa = PBXFileReference; lastKnownFileType = sourcecode.swift; path = RoundedButton.swift; sourceTree = "<group>"; };
		5AF080FE2087374B0024BCD2 /* HomeViewModel.swift */ = {isa = PBXFileReference; lastKnownFileType = sourcecode.swift; path = HomeViewModel.swift; sourceTree = "<group>"; };
		5AF08100208737A30024BCD2 /* InstructionCollectionViewCell.swift */ = {isa = PBXFileReference; lastKnownFileType = sourcecode.swift; path = InstructionCollectionViewCell.swift; sourceTree = "<group>"; };
		5AF08102208738F60024BCD2 /* InstructionCollectionViewCell.xib */ = {isa = PBXFileReference; lastKnownFileType = file.xib; path = InstructionCollectionViewCell.xib; sourceTree = "<group>"; };
		5AF0810620873A370024BCD2 /* RxCocoa.framework */ = {isa = PBXFileReference; lastKnownFileType = wrapper.framework; name = RxCocoa.framework; path = Carthage/Build/iOS/RxCocoa.framework; sourceTree = "<group>"; };
		5AF0810820873A390024BCD2 /* RxSwift.framework */ = {isa = PBXFileReference; lastKnownFileType = wrapper.framework; name = RxSwift.framework; path = Carthage/Build/iOS/RxSwift.framework; sourceTree = "<group>"; };
		5AF0810A20873A3C0024BCD2 /* Spring.framework */ = {isa = PBXFileReference; lastKnownFileType = wrapper.framework; name = Spring.framework; path = Carthage/Build/iOS/Spring.framework; sourceTree = "<group>"; };
		5AF0810C20873A470024BCD2 /* RxGesture.framework */ = {isa = PBXFileReference; lastKnownFileType = wrapper.framework; name = RxGesture.framework; path = Carthage/Build/iOS/RxGesture.framework; sourceTree = "<group>"; };
		A5106CF62087665D006D6E21 /* Instruction.swift */ = {isa = PBXFileReference; lastKnownFileType = sourcecode.swift; path = Instruction.swift; sourceTree = "<group>"; };
		A5106CF82087AA33006D6E21 /* SimulatorError.swift */ = {isa = PBXFileReference; lastKnownFileType = sourcecode.swift; path = SimulatorError.swift; sourceTree = "<group>"; };
/* End PBXFileReference section */

/* Begin PBXFrameworksBuildPhase section */
		5AF080DF20871EBB0024BCD2 /* Frameworks */ = {
			isa = PBXFrameworksBuildPhase;
			buildActionMask = 2147483647;
			files = (
				5AF0810D20873A470024BCD2 /* RxGesture.framework in Frameworks */,
				5AF0810720873A370024BCD2 /* RxCocoa.framework in Frameworks */,
				5AF0810920873A390024BCD2 /* RxSwift.framework in Frameworks */,
				5AF0810B20873A3C0024BCD2 /* Spring.framework in Frameworks */,
			);
			runOnlyForDeploymentPostprocessing = 0;
		};
/* End PBXFrameworksBuildPhase section */

/* Begin PBXGroup section */
		5AF080D920871EBB0024BCD2 = {
			isa = PBXGroup;
			children = (
				5AF080E420871EBB0024BCD2 /* MyTenTenEducation */,
				5AF080E320871EBB0024BCD2 /* Products */,
				5AF0810520873A370024BCD2 /* Frameworks */,
			);
			sourceTree = "<group>";
		};
		5AF080E320871EBB0024BCD2 /* Products */ = {
			isa = PBXGroup;
			children = (
				5AF080E220871EBB0024BCD2 /* MyTenTenEducation.app */,
			);
			name = Products;
			sourceTree = "<group>";
		};
		5AF080E420871EBB0024BCD2 /* MyTenTenEducation */ = {
			isa = PBXGroup;
			children = (
				5AF080E520871EBB0024BCD2 /* AppDelegate.swift */,
				A5106CF52087651E006D6E21 /* Model */,
				5AF080FB20872CFE0024BCD2 /* View */,
				5AF080FA20872CEA0024BCD2 /* ViewModel */,
				5AF080F820872CDF0024BCD2 /* Controller */,
				5AF080F720872CC60024BCD2 /* Resources */,
			);
			path = MyTenTenEducation;
			sourceTree = "<group>";
		};
		5AF080F720872CC60024BCD2 /* Resources */ = {
			isa = PBXGroup;
			children = (
				5AF080F120871EBC0024BCD2 /* Info.plist */,
				5AF080EC20871EBC0024BCD2 /* Assets.xcassets */,
			);
			path = Resources;
			sourceTree = "<group>";
		};
		5AF080F820872CDF0024BCD2 /* Controller */ = {
			isa = PBXGroup;
			children = (
				5AF080E720871EBB0024BCD2 /* ViewController.swift */,
			);
			path = Controller;
			sourceTree = "<group>";
		};
		5AF080FA20872CEA0024BCD2 /* ViewModel */ = {
			isa = PBXGroup;
			children = (
				5AF080FE2087374B0024BCD2 /* HomeViewModel.swift */,
			);
			path = ViewModel;
			sourceTree = "<group>";
		};
		5AF080FB20872CFE0024BCD2 /* View */ = {
			isa = PBXGroup;
			children = (
				5AF080E920871EBB0024BCD2 /* Main.storyboard */,
				5AF080FC208734370024BCD2 /* RoundedButton.swift */,
				5AF08100208737A30024BCD2 /* InstructionCollectionViewCell.swift */,
				5AF08102208738F60024BCD2 /* InstructionCollectionViewCell.xib */,
			);
			path = View;
			sourceTree = "<group>";
		};
		5AF0810520873A370024BCD2 /* Frameworks */ = {
			isa = PBXGroup;
			children = (
				5AF0810C20873A470024BCD2 /* RxGesture.framework */,
				5AF0810A20873A3C0024BCD2 /* Spring.framework */,
				5AF0810820873A390024BCD2 /* RxSwift.framework */,
				5AF0810620873A370024BCD2 /* RxCocoa.framework */,
			);
			name = Frameworks;
			sourceTree = "<group>";
		};
		A5106CF52087651E006D6E21 /* Model */ = {
			isa = PBXGroup;
			children = (
				A5106CF62087665D006D6E21 /* Instruction.swift */,
				A5106CF82087AA33006D6E21 /* SimulatorError.swift */,
			);
			path = Model;
			sourceTree = "<group>";
		};
/* End PBXGroup section */

/* Begin PBXNativeTarget section */
		5AF080E120871EBB0024BCD2 /* MyTenTenEducation */ = {
			isa = PBXNativeTarget;
			buildConfigurationList = 5AF080F420871EBC0024BCD2 /* Build configuration list for PBXNativeTarget "MyTenTenEducation" */;
			buildPhases = (
				5AF080DE20871EBB0024BCD2 /* Sources */,
				5AF080DF20871EBB0024BCD2 /* Frameworks */,
				5AF080E020871EBB0024BCD2 /* Resources */,
				5AF08104208739C40024BCD2 /* Carthage */,
			);
			buildRules = (
			);
			dependencies = (
			);
			name = MyTenTenEducation;
			productName = MyTenTenEducation;
			productReference = 5AF080E220871EBB0024BCD2 /* MyTenTenEducation.app */;
			productType = "com.apple.product-type.application";
		};
/* End PBXNativeTarget section */

/* Begin PBXProject section */
		5AF080DA20871EBB0024BCD2 /* Project object */ = {
			isa = PBXProject;
			attributes = {
				LastSwiftUpdateCheck = 0930;
				LastUpgradeCheck = 0930;
				ORGANIZATIONNAME = "Aymen Rebouh";
				TargetAttributes = {
					5AF080E120871EBB0024BCD2 = {
						CreatedOnToolsVersion = 9.3;
					};
				};
			};
			buildConfigurationList = 5AF080DD20871EBB0024BCD2 /* Build configuration list for PBXProject "MyTenTenEducation" */;
			compatibilityVersion = "Xcode 9.3";
			developmentRegion = en;
			hasScannedForEncodings = 0;
			knownRegions = (
				en,
				Base,
			);
			mainGroup = 5AF080D920871EBB0024BCD2;
			productRefGroup = 5AF080E320871EBB0024BCD2 /* Products */;
			projectDirPath = "";
			projectRoot = "";
			targets = (
				5AF080E120871EBB0024BCD2 /* MyTenTenEducation */,
			);
		};
/* End PBXProject section */

/* Begin PBXResourcesBuildPhase section */
		5AF080E020871EBB0024BCD2 /* Resources */ = {
			isa = PBXResourcesBuildPhase;
			buildActionMask = 2147483647;
			files = (
				5AF08103208738F60024BCD2 /* InstructionCollectionViewCell.xib in Resources */,
				5AF080ED20871EBC0024BCD2 /* Assets.xcassets in Resources */,
				5AF080EB20871EBB0024BCD2 /* Main.storyboard in Resources */,
			);
			runOnlyForDeploymentPostprocessing = 0;
		};
/* End PBXResourcesBuildPhase section */

/* Begin PBXShellScriptBuildPhase section */
		5AF08104208739C40024BCD2 /* Carthage */ = {
			isa = PBXShellScriptBuildPhase;
			buildActionMask = 2147483647;
			files = (
			);
			inputPaths = (
				"$(SRCROOT)/Carthage/Build/iOS/RxSwift.framework",
				"$(SRCROOT)/Carthage/Build/iOS/RxCocoa.framework",
				"$(SRCROOT)/Carthage/Build/iOS/RxGesture.framework",
				"$(SRCROOT)/Carthage/Build/iOS/Spring.framework",
			);
			name = Carthage;
			outputPaths = (
			);
			runOnlyForDeploymentPostprocessing = 0;
			shellPath = /bin/sh;
			shellScript = "/usr/local/bin/carthage copy-frameworks";
		};
/* End PBXShellScriptBuildPhase section */

/* Begin PBXSourcesBuildPhase section */
		5AF080DE20871EBB0024BCD2 /* Sources */ = {
			isa = PBXSourcesBuildPhase;
			buildActionMask = 2147483647;
			files = (
				A5106CF92087AA33006D6E21 /* SimulatorError.swift in Sources */,
				A5106CF72087665D006D6E21 /* Instruction.swift in Sources */,
				5AF08101208737A30024BCD2 /* InstructionCollectionViewCell.swift in Sources */,
				5AF080E820871EBB0024BCD2 /* ViewController.swift in Sources */,
				5AF080FD208734370024BCD2 /* RoundedButton.swift in Sources */,
				5AF080E620871EBB0024BCD2 /* AppDelegate.swift in Sources */,
				5AF080FF2087374B0024BCD2 /* HomeViewModel.swift in Sources */,
			);
			runOnlyForDeploymentPostprocessing = 0;
		};
/* End PBXSourcesBuildPhase section */

/* Begin PBXVariantGroup section */
		5AF080E920871EBB0024BCD2 /* Main.storyboard */ = {
			isa = PBXVariantGroup;
			children = (
				5AF080EA20871EBB0024BCD2 /* Base */,
			);
			name = Main.storyboard;
			sourceTree = "<group>";
		};
/* End PBXVariantGroup section */

/* Begin XCBuildConfiguration section */
		5AF080F220871EBC0024BCD2 /* Debug */ = {
			isa = XCBuildConfiguration;
			buildSettings = {
				ALWAYS_SEARCH_USER_PATHS = NO;
				CLANG_ANALYZER_NONNULL = YES;
				CLANG_ANALYZER_NUMBER_OBJECT_CONVERSION = YES_AGGRESSIVE;
				CLANG_CXX_LANGUAGE_STANDARD = "gnu++14";
				CLANG_CXX_LIBRARY = "libc++";
				CLANG_ENABLE_MODULES = YES;
				CLANG_ENABLE_OBJC_ARC = YES;
				CLANG_ENABLE_OBJC_WEAK = YES;
				CLANG_WARN_BLOCK_CAPTURE_AUTORELEASING = YES;
				CLANG_WARN_BOOL_CONVERSION = YES;
				CLANG_WARN_COMMA = YES;
				CLANG_WARN_CONSTANT_CONVERSION = YES;
				CLANG_WARN_DEPRECATED_OBJC_IMPLEMENTATIONS = YES;
				CLANG_WARN_DIRECT_OBJC_ISA_USAGE = YES_ERROR;
				CLANG_WARN_DOCUMENTATION_COMMENTS = YES;
				CLANG_WARN_EMPTY_BODY = YES;
				CLANG_WARN_ENUM_CONVERSION = YES;
				CLANG_WARN_INFINITE_RECURSION = YES;
				CLANG_WARN_INT_CONVERSION = YES;
				CLANG_WARN_NON_LITERAL_NULL_CONVERSION = YES;
				CLANG_WARN_OBJC_IMPLICIT_RETAIN_SELF = YES;
				CLANG_WARN_OBJC_LITERAL_CONVERSION = YES;
				CLANG_WARN_OBJC_ROOT_CLASS = YES_ERROR;
				CLANG_WARN_RANGE_LOOP_ANALYSIS = YES;
				CLANG_WARN_STRICT_PROTOTYPES = YES;
				CLANG_WARN_SUSPICIOUS_MOVE = YES;
				CLANG_WARN_UNGUARDED_AVAILABILITY = YES_AGGRESSIVE;
				CLANG_WARN_UNREACHABLE_CODE = YES;
				CLANG_WARN__DUPLICATE_METHOD_MATCH = YES;
				CODE_SIGN_IDENTITY = "iPhone Developer";
				COPY_PHASE_STRIP = NO;
				DEBUG_INFORMATION_FORMAT = dwarf;
				ENABLE_STRICT_OBJC_MSGSEND = YES;
				ENABLE_TESTABILITY = YES;
				GCC_C_LANGUAGE_STANDARD = gnu11;
				GCC_DYNAMIC_NO_PIC = NO;
				GCC_NO_COMMON_BLOCKS = YES;
				GCC_OPTIMIZATION_LEVEL = 0;
				GCC_PREPROCESSOR_DEFINITIONS = (
					"DEBUG=1",
					"$(inherited)",
				);
				GCC_WARN_64_TO_32_BIT_CONVERSION = YES;
				GCC_WARN_ABOUT_RETURN_TYPE = YES_ERROR;
				GCC_WARN_UNDECLARED_SELECTOR = YES;
				GCC_WARN_UNINITIALIZED_AUTOS = YES_AGGRESSIVE;
				GCC_WARN_UNUSED_FUNCTION = YES;
				GCC_WARN_UNUSED_VARIABLE = YES;
				IPHONEOS_DEPLOYMENT_TARGET = 11.3;
				MTL_ENABLE_DEBUG_INFO = YES;
				ONLY_ACTIVE_ARCH = YES;
				SDKROOT = iphoneos;
				SWIFT_ACTIVE_COMPILATION_CONDITIONS = DEBUG;
				SWIFT_OPTIMIZATION_LEVEL = "-Onone";
			};
			name = Debug;
		};
		5AF080F320871EBC0024BCD2 /* Release */ = {
			isa = XCBuildConfiguration;
			buildSettings = {
				ALWAYS_SEARCH_USER_PATHS = NO;
				CLANG_ANALYZER_NONNULL = YES;
				CLANG_ANALYZER_NUMBER_OBJECT_CONVERSION = YES_AGGRESSIVE;
				CLANG_CXX_LANGUAGE_STANDARD = "gnu++14";
				CLANG_CXX_LIBRARY = "libc++";
				CLANG_ENABLE_MODULES = YES;
				CLANG_ENABLE_OBJC_ARC = YES;
				CLANG_ENABLE_OBJC_WEAK = YES;
				CLANG_WARN_BLOCK_CAPTURE_AUTORELEASING = YES;
				CLANG_WARN_BOOL_CONVERSION = YES;
				CLANG_WARN_COMMA = YES;
				CLANG_WARN_CONSTANT_CONVERSION = YES;
				CLANG_WARN_DEPRECATED_OBJC_IMPLEMENTATIONS = YES;
				CLANG_WARN_DIRECT_OBJC_ISA_USAGE = YES_ERROR;
				CLANG_WARN_DOCUMENTATION_COMMENTS = YES;
				CLANG_WARN_EMPTY_BODY = YES;
				CLANG_WARN_ENUM_CONVERSION = YES;
				CLANG_WARN_INFINITE_RECURSION = YES;
				CLANG_WARN_INT_CONVERSION = YES;
				CLANG_WARN_NON_LITERAL_NULL_CONVERSION = YES;
				CLANG_WARN_OBJC_IMPLICIT_RETAIN_SELF = YES;
				CLANG_WARN_OBJC_LITERAL_CONVERSION = YES;
				CLANG_WARN_OBJC_ROOT_CLASS = YES_ERROR;
				CLANG_WARN_RANGE_LOOP_ANALYSIS = YES;
				CLANG_WARN_STRICT_PROTOTYPES = YES;
				CLANG_WARN_SUSPICIOUS_MOVE = YES;
				CLANG_WARN_UNGUARDED_AVAILABILITY = YES_AGGRESSIVE;
				CLANG_WARN_UNREACHABLE_CODE = YES;
				CLANG_WARN__DUPLICATE_METHOD_MATCH = YES;
				CODE_SIGN_IDENTITY = "iPhone Developer";
				COPY_PHASE_STRIP = NO;
				DEBUG_INFORMATION_FORMAT = "dwarf-with-dsym";
				ENABLE_NS_ASSERTIONS = NO;
				ENABLE_STRICT_OBJC_MSGSEND = YES;
				GCC_C_LANGUAGE_STANDARD = gnu11;
				GCC_NO_COMMON_BLOCKS = YES;
				GCC_WARN_64_TO_32_BIT_CONVERSION = YES;
				GCC_WARN_ABOUT_RETURN_TYPE = YES_ERROR;
				GCC_WARN_UNDECLARED_SELECTOR = YES;
				GCC_WARN_UNINITIALIZED_AUTOS = YES_AGGRESSIVE;
				GCC_WARN_UNUSED_FUNCTION = YES;
				GCC_WARN_UNUSED_VARIABLE = YES;
				IPHONEOS_DEPLOYMENT_TARGET = 11.3;
				MTL_ENABLE_DEBUG_INFO = NO;
				SDKROOT = iphoneos;
				SWIFT_COMPILATION_MODE = wholemodule;
				SWIFT_OPTIMIZATION_LEVEL = "-O";
				VALIDATE_PRODUCT = YES;
			};
			name = Release;
		};
		5AF080F520871EBC0024BCD2 /* Debug */ = {
			isa = XCBuildConfiguration;
			buildSettings = {
				ASSETCATALOG_COMPILER_APPICON_NAME = AppIcon;
				CODE_SIGN_STYLE = Automatic;
				DEVELOPMENT_TEAM = D7C48J3S5N;
				FRAMEWORK_SEARCH_PATHS = (
					"$(inherited)",
					"$(PROJECT_DIR)/Carthage/Build/iOS",
				);
				INFOPLIST_FILE = "$(SRCROOT)/MyTenTenEducation/Resources/Info.plist";
				LD_RUNPATH_SEARCH_PATHS = (
					"$(inherited)",
					"@executable_path/Frameworks",
				);
				PRODUCT_BUNDLE_IDENTIFIER = aymenworks.MyTenTenEducation;
				PRODUCT_NAME = "$(TARGET_NAME)";
				SWIFT_VERSION = 4.0;
				TARGETED_DEVICE_FAMILY = 2;
			};
			name = Debug;
		};
		5AF080F620871EBC0024BCD2 /* Release */ = {
			isa = XCBuildConfiguration;
			buildSettings = {
				ASSETCATALOG_COMPILER_APPICON_NAME = AppIcon;
				CODE_SIGN_STYLE = Automatic;
				DEVELOPMENT_TEAM = D7C48J3S5N;
				FRAMEWORK_SEARCH_PATHS = (
					"$(inherited)",
					"$(PROJECT_DIR)/Carthage/Build/iOS",
				);
				INFOPLIST_FILE = "$(SRCROOT)/MyTenTenEducation/Resources/Info.plist";
				LD_RUNPATH_SEARCH_PATHS = (
					"$(inherited)",
					"@executable_path/Frameworks",
				);
				PRODUCT_BUNDLE_IDENTIFIER = aymenworks.MyTenTenEducation;
				PRODUCT_NAME = "$(TARGET_NAME)";
				SWIFT_VERSION = 4.0;
				TARGETED_DEVICE_FAMILY = 2;
			};
			name = Release;
		};
/* End XCBuildConfiguration section */

/* Begin XCConfigurationList section */
		5AF080DD20871EBB0024BCD2 /* Build configuration list for PBXProject "MyTenTenEducation" */ = {
			isa = XCConfigurationList;
			buildConfigurations = (
				5AF080F220871EBC0024BCD2 /* Debug */,
				5AF080F320871EBC0024BCD2 /* Release */,
			);
			defaultConfigurationIsVisible = 0;
			defaultConfigurationName = Release;
		};
		5AF080F420871EBC0024BCD2 /* Build configuration list for PBXNativeTarget "MyTenTenEducation" */ = {
			isa = XCConfigurationList;
			buildConfigurations = (
				5AF080F520871EBC0024BCD2 /* Debug */,
				5AF080F620871EBC0024BCD2 /* Release */,
			);
			defaultConfigurationIsVisible = 0;
			defaultConfigurationName = Release;
		};
/* End XCConfigurationList section */
	};
	rootObject = 5AF080DA20871EBB0024BCD2 /* Project object */;
}
